{
  "name": "rhorizon-frontend",
  "version": "1.0.0",
  "lockfileVersion": 3,
  "requires": true,
  "packages": {
    "": {
      "name": "rhorizon-frontend",
      "version": "1.0.0",
      "dependencies": {
        "vue": "^3.4.0"
      },
      "devDependencies": {
        "@vitejs/plugin-vue": "^5.0.0"
      }
    },
    "node_modules/vue": {
      "version": "3.4.0",
      "resolved": "https://registry.npmjs.org/vue/-/vue-3.4.0.tgz",
      "integrity": "sha512-<sha>"
    },
    "node_modules/@vitejs/plugin-vue": {
      "version": "5.0.0",
      "resolved": "https://registry.npmjs.org/@vitejs/plugin-vue/-/plugin-vue-5.0.0.tgz",
      "integrity": "sha512-<sha>"
    }
  },
  "dependencies": {
    "vue": {
      "version": "3.4.0"
    },
    "@vitejs/plugin-vue": {
      "version": "5.0.0",
      "dev": true
    }
  }
}